
Microsoft Visual Studio Solution File, Format Version 12.00
# Visual Studio Version 17
VisualStudioVersion = 17.4.33213.308
MinimumVisualStudioVersion = 10.0.40219.1
Project("{FAE04EC0-301F-11D3-BF4B-00C04F79EFBC}") = "AIHentaiBot", "AIHentaiBot\AIHentaiBot.csproj", "{C77B29C6-6332-40E7-B972-91589A4DA5DD}"
EndProject
Global
	GlobalSection(SolutionConfigurationPlatforms) = preSolution
		Debug|Any CPU = Debug|Any CPU
		Release|Any CPU = Release|Any CPU
	EndGlobalSection
	GlobalSection(ProjectConfigurationPlatforms) = postSolution
		{C77B29C6-6332-40E7-B972-91589A4DA5DD}.Debug|Any CPU.ActiveCfg = Debug|Any CPU
		{C77B29C6-6332-40E7-B972-91589A4DA5DD}.Debug|Any CPU.Build.0 = Debug|Any CPU
		{C77B29C6-6332-40E7-B972-91589A4DA5DD}.Release|Any CPU.ActiveCfg = Release|Any CPU
		{C77B29C6-6332-40E7-B972-91589A4DA5DD}.Release|Any CPU.Build.0 = Release|Any CPU
	EndGlobalSection
	GlobalSection(SolutionProperties) = preSolution
		HideSolutionNode = FALSE
	EndGlobalSection
	GlobalSection(ExtensibilityGlobals) = postSolution
		SolutionGuid = {F267D121-4188-4752-88AB-3907F3553346}
	EndGlobalSection
EndGlobal
